{
  "name": "seoblog",
  "lockfileVersion": 3,
  "requires": true,
  "packages": {
    "": {
      "dependencies": {
        "express-jwt": "^8.4.1",
        "express-validator": "^7.0.1",
        "formidable": "^2.1.1",
        "jsonwebtoken": "^9.0.0",
        "lodash": "^4.17.21",
        "slugify": "^1.6.6",
        "string-strip-html": "^13.2.3"
      }
    },
    "node_modules/@types/jsonwebtoken": {
      "version": "9.0.1",
      "resolved": "https://registry.npmjs.org/@types/jsonwebtoken/-/jsonwebtoken-9.0.1.tgz",
      "integrity": "sha512-c5ltxazpWabia/4UzhIoaDcIza4KViOQhdbjRlfcIGVnsE3c3brkz9Z+F/EeJIECOQP7W7US2hNE930cWWkPiw==",
      "dependencies": {
        "@types/node": "*"
      }
    },
    "node_modules/@types/node": {
      "version": "18.15.11",
      "resolved": "https://registry.npmjs.org/@types/node/-/node-18.15.11.tgz",
      "integrity": "sha512-E5Kwq2n4SbMzQOn6wnmBjuK9ouqlURrcZDVfbo9ftDDTFt3nk7ZKK4GMOzoYgnpQJKcxwQw+lGaBvvlMo0qN/Q=="
    },
    "node_modules/asap": {
      "version": "2.0.6",
      "resolved": "https://registry.npmjs.org/asap/-/asap-2.0.6.tgz",
      "integrity": "sha512-BSHWgDSAiKs50o2Re8ppvp3seVHXSRM44cdSsT9FfNEUUZLOGWVCsiWaRPWM1Znn+mqZ1OfVZ3z3DWEzSp7hRA=="
    },
    "node_modules/buffer-equal-constant-time": {
      "version": "1.0.1",
      "resolved": "https://registry.npmjs.org/buffer-equal-constant-time/-/buffer-equal-constant-time-1.0.1.tgz",
      "integrity": "sha512-zRpUiDwd/xk6ADqPMATG8vc9VPrkck7T07OIx0gnjmJAnHnTVXNQG3vfvWNuiZIkwu9KrKdA1iJKfsfTVxE6NA=="
    },
    "node_modules/call-bind": {
      "version": "1.0.2",
      "resolved": "https://registry.npmjs.org/call-bind/-/call-bind-1.0.2.tgz",
      "integrity": "sha512-7O+FbCihrB5WGbFYesctwmTKae6rOiIzmz1icreWJ+0aA7LJfuqhEso2T9ncpcFtzMQtzXf2QGGueWJGTYsqrA==",
      "dependencies": {
        "function-bind": "^1.1.1",
        "get-intrinsic": "^1.0.2"
      },
      "funding": {
        "url": "https://github.com/sponsors/ljharb"
      }
    },
    "node_modules/codsen-utils": {
      "version": "1.4.0",
      "resolved": "https://registry.npmjs.org/codsen-utils/-/codsen-utils-1.4.0.tgz",
      "integrity": "sha512-uSXw730F8eeD7uMXwNwgSyIOUV/wxaIDatvNTI9roA/bbRVJhcBi1frR7icPc+tGk8Py0HYqFeRG+U/BbXw9Gg==",
      "engines": {
        "node": ">=14.18.0"
      }
    },
    "node_modules/dezalgo": {
      "version": "1.0.4",
      "resolved": "https://registry.npmjs.org/dezalgo/-/dezalgo-1.0.4.tgz",
      "integrity": "sha512-rXSP0bf+5n0Qonsb+SVVfNfIsimO4HEtmnIpPHY8Q1UCzKlQrDMfdobr8nJOOsRgWCyMRqeSBQzmWUMq7zvVig==",
      "dependencies": {
        "asap": "^2.0.0",
        "wrappy": "1"
      }
    },
    "node_modules/ecdsa-sig-formatter": {
      "version": "1.0.11",
      "resolved": "https://registry.npmjs.org/ecdsa-sig-formatter/-/ecdsa-sig-formatter-1.0.11.tgz",
      "integrity": "sha512-nagl3RYrbNv6kQkeJIpt6NJZy8twLB/2vtz6yN9Z4vRKHN4/QZJIEbqohALSgwKdnksuY3k5Addp5lg8sVoVcQ==",
      "dependencies": {
        "safe-buffer": "^5.0.1"
      }
    },
    "node_modules/express-jwt": {
      "version": "8.4.1",
      "resolved": "https://registry.npmjs.org/express-jwt/-/express-jwt-8.4.1.tgz",
      "integrity": "sha512-IZoZiDv2yZJAb3QrbaSATVtTCYT11OcqgFGoTN4iKVyN6NBkBkhtVIixww5fmakF0Upt5HfOxJuS6ZmJVeOtTQ==",
      "dependencies": {
        "@types/jsonwebtoken": "^9",
        "express-unless": "^2.1.3",
        "jsonwebtoken": "^9.0.0"
      },
      "engines": {
        "node": ">= 8.0.0"
      }
    },
    "node_modules/express-unless": {
      "version": "2.1.3",
      "resolved": "https://registry.npmjs.org/express-unless/-/express-unless-2.1.3.tgz",
      "integrity": "sha512-wj4tLMyCVYuIIKHGt0FhCtIViBcwzWejX0EjNxveAa6dG+0XBCQhMbx+PnkLkFCxLC69qoFrxds4pIyL88inaQ=="
    },
    "node_modules/express-validator": {
      "version": "7.0.1",
      "resolved": "https://registry.npmjs.org/express-validator/-/express-validator-7.0.1.tgz",
      "integrity": "sha512-oB+z9QOzQIE8FnlINqyIFA8eIckahC6qc8KtqLdLJcU3/phVyuhXH3bA4qzcrhme+1RYaCSwrq+TlZ/kAKIARA==",
      "dependencies": {
        "lodash": "^4.17.21",
        "validator": "^13.9.0"
      },
      "engines": {
        "node": ">= 8.0.0"
      }
    },
    "node_modules/formidable": {
      "version": "2.1.1",
      "resolved": "https://registry.npmjs.org/formidable/-/formidable-2.1.1.tgz",
      "integrity": "sha512-0EcS9wCFEzLvfiks7omJ+SiYJAiD+TzK4Pcw1UlUoGnhUxDcMKjt0P7x8wEb0u6OHu8Nb98WG3nxtlF5C7bvUQ==",
      "dependencies": {
        "dezalgo": "^1.0.4",
        "hexoid": "^1.0.0",
        "once": "^1.4.0",
        "qs": "^6.11.0"
      },
      "funding": {
        "url": "https://ko-fi.com/tunnckoCore/commissions"
      }
    },
    "node_modules/function-bind": {
      "version": "1.1.1",
      "resolved": "https://registry.npmjs.org/function-bind/-/function-bind-1.1.1.tgz",
      "integrity": "sha512-yIovAzMX49sF8Yl58fSCWJ5svSLuaibPxXQJFLmBObTuCr0Mf1KiPopGM9NiFjiYBCbfaa2Fh6breQ6ANVTI0A=="
    },
    "node_modules/get-intrinsic": {
      "version": "1.2.0",
      "resolved": "https://registry.npmjs.org/get-intrinsic/-/get-intrinsic-1.2.0.tgz",
      "integrity": "sha512-L049y6nFOuom5wGyRc3/gdTLO94dySVKRACj1RmJZBQXlbTMhtNIgkWkUHq+jYmZvKf14EW1EoJnnjbmoHij0Q==",
      "dependencies": {
        "function-bind": "^1.1.1",
        "has": "^1.0.3",
        "has-symbols": "^1.0.3"
      },
      "funding": {
        "url": "https://github.com/sponsors/ljharb"
      }
    },
    "node_modules/has": {
      "version": "1.0.3",
      "resolved": "https://registry.npmjs.org/has/-/has-1.0.3.tgz",
      "integrity": "sha512-f2dvO0VU6Oej7RkWJGrehjbzMAjFp5/VKPp5tTpWIV4JHHZK1/BxbFRtf/siA2SWTe09caDmVtYYzWEIbBS4zw==",
      "dependencies": {
        "function-bind": "^1.1.1"
      },
      "engines": {
        "node": ">= 0.4.0"
      }
    },
    "node_modules/has-symbols": {
      "version": "1.0.3",
      "resolved": "https://registry.npmjs.org/has-symbols/-/has-symbols-1.0.3.tgz",
      "integrity": "sha512-l3LCuF6MgDNwTDKkdYGEihYjt5pRPbEg46rtlmnSPlUbgmB8LOIrKJbYYFBSbnPaJexMKtiPO8hmeRjRz2Td+A==",
      "engines": {
        "node": ">= 0.4"
      },
      "funding": {
        "url": "https://github.com/sponsors/ljharb"
      }
    },
    "node_modules/hexoid": {
      "version": "1.0.0",
      "resolved": "https://registry.npmjs.org/hexoid/-/hexoid-1.0.0.tgz",
      "integrity": "sha512-QFLV0taWQOZtvIRIAdBChesmogZrtuXvVWsFHZTk2SU+anspqZ2vMnoLg7IE1+Uk16N19APic1BuF8bC8c2m5g==",
      "engines": {
        "node": ">=8"
      }
    },
    "node_modules/html-entities": {
      "version": "2.3.3",
      "resolved": "https://registry.npmjs.org/html-entities/-/html-entities-2.3.3.tgz",
      "integrity": "sha512-DV5Ln36z34NNTDgnz0EWGBLZENelNAtkiFA4kyNOG2tDI6Mz1uSWiq1wAKdyjnJwyDiDO7Fa2SO1CTxPXL8VxA=="
    },
    "node_modules/jsonwebtoken": {
      "version": "9.0.0",
      "resolved": "https://registry.npmjs.org/jsonwebtoken/-/jsonwebtoken-9.0.0.tgz",
      "integrity": "sha512-tuGfYXxkQGDPnLJ7SibiQgVgeDgfbPq2k2ICcbgqW8WxWLBAxKQM/ZCu/IT8SOSwmaYl4dpTFCW5xZv7YbbWUw==",
      "dependencies": {
        "jws": "^3.2.2",
        "lodash": "^4.17.21",
        "ms": "^2.1.1",
        "semver": "^7.3.8"
      },
      "engines": {
        "node": ">=12",
        "npm": ">=6"
      }
    },
    "node_modules/jwa": {
      "version": "1.4.1",
      "resolved": "https://registry.npmjs.org/jwa/-/jwa-1.4.1.tgz",
      "integrity": "sha512-qiLX/xhEEFKUAJ6FiBMbes3w9ATzyk5W7Hvzpa/SLYdxNtng+gcurvrI7TbACjIXlsJyr05/S1oUhZrc63evQA==",
      "dependencies": {
        "buffer-equal-constant-time": "1.0.1",
        "ecdsa-sig-formatter": "1.0.11",
        "safe-buffer": "^5.0.1"
      }
    },
    "node_modules/jws": {
      "version": "3.2.2",
      "resolved": "https://registry.npmjs.org/jws/-/jws-3.2.2.tgz",
      "integrity": "sha512-YHlZCB6lMTllWDtSPHz/ZXTsi8S00usEV6v1tjq8tOUZzw7DpSDWVXjXDre6ed1w/pd495ODpHZYSdkRTsa0HA==",
      "dependencies": {
        "jwa": "^1.4.1",
        "safe-buffer": "^5.0.1"
      }
    },
    "node_modules/lodash": {
      "version": "4.17.21",
      "resolved": "https://registry.npmjs.org/lodash/-/lodash-4.17.21.tgz",
      "integrity": "sha512-v2kDEe57lecTulaDIuNTPy3Ry4gLGJ6Z1O3vE1krgXZNrsQ+LFTGHVxVjcXPs17LhbZVGedAJv8XZ1tvj5FvSg=="
    },
    "node_modules/lodash.clonedeep": {
      "version": "4.5.0",
      "resolved": "https://registry.npmjs.org/lodash.clonedeep/-/lodash.clonedeep-4.5.0.tgz",
      "integrity": "sha512-H5ZhCF25riFd9uB5UCkVKo61m3S/xZk1x4wA6yp/L3RFP6Z/eHH1ymQcGLo7J3GMPfm0V/7m1tryHuGVxpqEBQ=="
    },
    "node_modules/lodash.trim": {
      "version": "4.5.1",
      "resolved": "https://registry.npmjs.org/lodash.trim/-/lodash.trim-4.5.1.tgz",
      "integrity": "sha512-nJAlRl/K+eiOehWKDzoBVrSMhK0K3A3YQsUNXHQa5yIrKBAhsZgSu3KoAFoFT+mEgiyBHddZ0pRk1ITpIp90Wg=="
    },
    "node_modules/lodash.without": {
      "version": "4.4.0",
      "resolved": "https://registry.npmjs.org/lodash.without/-/lodash.without-4.4.0.tgz",
      "integrity": "sha512-M3MefBwfDhgKgINVuBJCO1YR3+gf6s9HNJsIiZ/Ru77Ws6uTb9eBuvrkpzO+9iLoAaRodGuq7tyrPCx+74QYGQ=="
    },
    "node_modules/lru-cache": {
      "version": "6.0.0",
      "resolved": "https://registry.npmjs.org/lru-cache/-/lru-cache-6.0.0.tgz",
      "integrity": "sha512-Jo6dJ04CmSjuznwJSS3pUeWmd/H0ffTlkXXgwZi+eq1UCmqQwCh+eLsYOYCwY991i2Fah4h1BEMCx4qThGbsiA==",
      "dependencies": {
        "yallist": "^4.0.0"
      },
      "engines": {
        "node": ">=10"
      }
    },
    "node_modules/ms": {
      "version": "2.1.3",
      "resolved": "https://registry.npmjs.org/ms/-/ms-2.1.3.tgz",
      "integrity": "sha512-6FlzubTLZG3J2a/NVCAleEhjzq5oxgHyaCU9yYXvcLsvoVaHJq/s5xXI6/XXP6tz7R9xAOtHnSO/tXtF3WRTlA=="
    },
    "node_modules/object-inspect": {
      "version": "1.12.3",
      "resolved": "https://registry.npmjs.org/object-inspect/-/object-inspect-1.12.3.tgz",
      "integrity": "sha512-geUvdk7c+eizMNUDkRpW1wJwgfOiOeHbxBR/hLXK1aT6zmVSO0jsQcs7fj6MGw89jC/cjGfLcNOrtMYtGqm81g==",
      "funding": {
        "url": "https://github.com/sponsors/ljharb"
      }
    },
    "node_modules/once": {
      "version": "1.4.0",
      "resolved": "https://registry.npmjs.org/once/-/once-1.4.0.tgz",
      "integrity": "sha512-lNaJgI+2Q5URQBkccEKHTQOPaXdUxnZZElQTZY0MFUAuaEqe1E+Nyvgdz/aIyNi6Z9MzO5dv1H8n58/GELp3+w==",
      "dependencies": {
        "wrappy": "1"
      }
    },
    "node_modules/qs": {
      "version": "6.11.1",
      "resolved": "https://registry.npmjs.org/qs/-/qs-6.11.1.tgz",
      "integrity": "sha512-0wsrzgTz/kAVIeuxSjnpGC56rzYtr6JT/2BwEvMaPhFIoYa1aGO8LbzuU1R0uUYQkLpWBTOj0l/CLAJB64J6nQ==",
      "dependencies": {
        "side-channel": "^1.0.4"
      },
      "engines": {
        "node": ">=0.6"
      },
      "funding": {
        "url": "https://github.com/sponsors/ljharb"
      }
    },
    "node_modules/ranges-apply": {
      "version": "7.0.8",
      "resolved": "https://registry.npmjs.org/ranges-apply/-/ranges-apply-7.0.8.tgz",
      "integrity": "sha512-vi+7jXjN3KqxfcRVTz5LLVSpM2H07BIfhLGgRvG2EBzUQpiueZmPWwp5ux9bP/+Bs3eZu4koy+w0UKOiEa/JbQ==",
      "dependencies": {
        "ranges-merge": "^9.0.8",
        "tiny-invariant": "^1.3.1"
      },
      "engines": {
        "node": ">=14.18.0"
      }
    },
    "node_modules/ranges-merge": {
      "version": "9.0.8",
      "resolved": "https://registry.npmjs.org/ranges-merge/-/ranges-merge-9.0.8.tgz",
      "integrity": "sha512-FDi5ZkhXO+MeL8PTzaLxen9Hhl8RFuXFK9hwBimC3rWKHaNOKzRsqml47jVwbu6s4Mf0hfZhndtgqsXftoOydQ==",
      "dependencies": {
        "ranges-push": "^7.0.8",
        "ranges-sort": "^6.0.7"
      },
      "engines": {
        "node": ">=14.18.0"
      }
    },
    "node_modules/ranges-push": {
      "version": "7.0.8",
      "resolved": "https://registry.npmjs.org/ranges-push/-/ranges-push-7.0.8.tgz",
      "integrity": "sha512-/TLPWEaBrQdfmrUkOViGWWgDLSfqSV3iXe3ISTXT8YO26sX2TLcfwGW9kOXAw+7Uo/qOigMSfs8yEexR5EW8kg==",
      "dependencies": {
        "codsen-utils": "^1.4.0",
        "ranges-sort": "^6.0.7",
        "string-collapse-leading-whitespace": "^7.0.5",
        "string-trim-spaces-only": "^5.0.7"
      },
      "engines": {
        "node": ">=14.18.0"
      }
    },
    "node_modules/ranges-sort": {
      "version": "6.0.7",
      "resolved": "https://registry.npmjs.org/ranges-sort/-/ranges-sort-6.0.7.tgz",
      "integrity": "sha512-YsOCDEMy0nYnhqC3h2IX9DJdUwgKnnGWbi/sieNDaxQpDKv6gdxaBg76BXhpd9RagMW8zVy9vAqwjhO5+wAl9A==",
      "engines": {
        "node": ">=14.18.0"
      }
    },
    "node_modules/safe-buffer": {
      "version": "5.2.1",
      "resolved": "https://registry.npmjs.org/safe-buffer/-/safe-buffer-5.2.1.tgz",
      "integrity": "sha512-rp3So07KcdmmKbGvgaNxQSJr7bGVSVk5S9Eq1F+ppbRo70+YeaDxkw5Dd8NPN+GD6bjnYm2VuPuCXmpuYvmCXQ==",
      "funding": [
        {
          "type": "github",
          "url": "https://github.com/sponsors/feross"
        },
        {
          "type": "patreon",
          "url": "https://www.patreon.com/feross"
        },
        {
          "type": "consulting",
          "url": "https://feross.org/support"
        }
      ]
    },
    "node_modules/semver": {
      "version": "7.5.0",
      "resolved": "https://registry.npmjs.org/semver/-/semver-7.5.0.tgz",
      "integrity": "sha512-+XC0AD/R7Q2mPSRuy2Id0+CGTZ98+8f+KvwirxOKIEyid+XSx6HbC63p+O4IndTHuX5Z+JxQ0TghCkO5Cg/2HA==",
      "dependencies": {
        "lru-cache": "^6.0.0"
      },
      "bin": {
        "semver": "bin/semver.js"
      },
      "engines": {
        "node": ">=10"
      }
    },
    "node_modules/side-channel": {
      "version": "1.0.4",
      "resolved": "https://registry.npmjs.org/side-channel/-/side-channel-1.0.4.tgz",
      "integrity": "sha512-q5XPytqFEIKHkGdiMIrY10mvLRvnQh42/+GoBlFW3b2LXLE2xxJpZFdm94we0BaoV3RwJyGqg5wS7epxTv0Zvw==",
      "dependencies": {
        "call-bind": "^1.0.0",
        "get-intrinsic": "^1.0.2",
        "object-inspect": "^1.9.0"
      },
      "funding": {
        "url": "https://github.com/sponsors/ljharb"
      }
    },
    "node_modules/slugify": {
      "version": "1.6.6",
      "resolved": "https://registry.npmjs.org/slugify/-/slugify-1.6.6.tgz",
      "integrity": "sha512-h+z7HKHYXj6wJU+AnS/+IH8Uh9fdcX1Lrhg1/VMdf9PwoBQXFcXiAdsy2tSK0P6gKwJLXp02r90ahUCqHk9rrw==",
      "engines": {
        "node": ">=8.0.0"
      }
    },
    "node_modules/string-collapse-leading-whitespace": {
      "version": "7.0.5",
      "resolved": "https://registry.npmjs.org/string-collapse-leading-whitespace/-/string-collapse-leading-whitespace-7.0.5.tgz",
      "integrity": "sha512-cRzQCQwcp57UTFGy6bWVTfg1mkTH61TpYz9A4RDV4PyPQr3hYkPE0XmMS0zkgzYHwdtSM0eX09H9T8SMWUuFPw==",
      "engines": {
        "node": ">=14.18.0"
      }
    },
    "node_modules/string-left-right": {
      "version": "6.0.11",
      "resolved": "https://registry.npmjs.org/string-left-right/-/string-left-right-6.0.11.tgz",
      "integrity": "sha512-PE/ajWvvTSrwI5IGeAYmfvATuGEg6UV8Ku4zoh0ozj+4JcDrsPqvEPhh5MQMi9+3+CGxreOCePEuuU+YxwLiLA==",
      "dependencies": {
        "codsen-utils": "^1.4.0",
        "lodash.clonedeep": "^4.5.0"
      },
      "engines": {
        "node": ">=14.18.0"
      }
    },
    "node_modules/string-strip-html": {
      "version": "13.2.3",
      "resolved": "https://registry.npmjs.org/string-strip-html/-/string-strip-html-13.2.3.tgz",
      "integrity": "sha512-D08dNlHPZxT6yPZCqvxIif1wZqUU/akGoPzXQDb8y5/5gz3D3qXrJDpp2xBr/U3S/6uRKTkfqtTrxhhoW4W4VA==",
      "dependencies": {
        "codsen-utils": "^1.4.0",
        "html-entities": "^2.3.3",
        "lodash.trim": "^4.5.1",
        "lodash.without": "^4.4.0",
        "ranges-apply": "^7.0.8",
        "ranges-push": "^7.0.8",
        "string-left-right": "^6.0.11"
      },
      "engines": {
        "node": ">=14.18.0"
      }
    },
    "node_modules/string-trim-spaces-only": {
      "version": "5.0.7",
      "resolved": "https://registry.npmjs.org/string-trim-spaces-only/-/string-trim-spaces-only-5.0.7.tgz",
      "integrity": "sha512-L/rhIYf1Lf+gvq8uSNDps471Ry3xhd0KjlPG0HwOFDSACLlX93fkoaJkuOM33uYEh+HpO8LcmTJDv4r6a9XIOQ==",
      "engines": {
        "node": ">=14.18.0"
      }
    },
    "node_modules/tiny-invariant": {
      "version": "1.3.1",
      "resolved": "https://registry.npmjs.org/tiny-invariant/-/tiny-invariant-1.3.1.tgz",
      "integrity": "sha512-AD5ih2NlSssTCwsMznbvwMZpJ1cbhkGd2uueNxzv2jDlEeZdU04JQfRnggJQ8DrcVBGjAsCKwFBbDlVNtEMlzw=="
    },
    "node_modules/validator": {
      "version": "13.9.0",
      "resolved": "https://registry.npmjs.org/validator/-/validator-13.9.0.tgz",
      "integrity": "sha512-B+dGG8U3fdtM0/aNK4/X8CXq/EcxU2WPrPEkJGslb47qyHsxmbggTWK0yEA4qnYVNF+nxNlN88o14hIcPmSIEA==",
      "engines": {
        "node": ">= 0.10"
      }
    },
    "node_modules/wrappy": {
      "version": "1.0.2",
      "resolved": "https://registry.npmjs.org/wrappy/-/wrappy-1.0.2.tgz",
      "integrity": "sha512-l4Sp/DRseor9wL6EvV2+TuQn63dMkPjZ/sp9XkghTEbV9KlPS1xUsZ3u7/IQO4wxtcFB4bgpQPRcR3QCvezPcQ=="
    },
    "node_modules/yallist": {
      "version": "4.0.0",
      "resolved": "https://registry.npmjs.org/yallist/-/yallist-4.0.0.tgz",
      "integrity": "sha512-3wdGidZyq5PB084XLES5TpOSRA3wjXAlIWMhum2kRcv/41Sn2emQ0dycQW4uZXLejwKvg6EsvbdlVL+FYEct7A=="
    }
  }
}
